
Microsoft Visual Studio Solution File, Format Version 12.00
# Visual Studio Version 16
VisualStudioVersion = 16.0.29905.134
MinimumVisualStudioVersion = 10.0.40219.1
Project("{8BC9CEB8-8B4A-11D0-8D11-00A0C91BC942}") = "dshidmini", "sys\dshidmini.vcxproj", "{BEAF5753-7811-465B-8FED-CFB114DA66A5}"
EndProject
Project("{2150E333-8FDC-42A3-9474-1A3956D46DE8}") = "Driver", "Driver", "{774E55AE-92A2-4514-A174-A875219FFD1B}"
EndProject
Project("{2150E333-8FDC-42A3-9474-1A3956D46DE8}") = "PowerShell", "PowerShell", "{4F49264E-74F9-4617-BF99-6AE389242800}"
EndProject
Project("{FAE04EC0-301F-11D3-BF4B-00C04F79EFBC}") = "DsHidMiniModule", "ps\DsHidMiniModule\DsHidMiniModule.csproj", "{C78EE89A-B5D0-4EE9-85ED-40CA5BCC5918}"
EndProject
Project("{2150E333-8FDC-42A3-9474-1A3956D46DE8}") = "App", "App", "{CE492389-7FB3-4DC4-9AFF-B7A04F70F891}"
EndProject
Project("{FAE04EC0-301F-11D3-BF4B-00C04F79EFBC}") = "DsHidMiniControl", "DsHidMiniControl\DsHidMiniControl.csproj", "{82369302-4217-41DF-B68B-2AF824C24C09}"
EndProject
Global
	GlobalSection(SolutionConfigurationPlatforms) = preSolution
		Debug|Any CPU = Debug|Any CPU
		Debug|ARM = Debug|ARM
		Debug|ARM64 = Debug|ARM64
		Debug|x64 = Debug|x64
		Debug|x86 = Debug|x86
		Release|Any CPU = Release|Any CPU
		Release|ARM = Release|ARM
		Release|ARM64 = Release|ARM64
		Release|x64 = Release|x64
		Release|x86 = Release|x86
	EndGlobalSection
	GlobalSection(ProjectConfigurationPlatforms) = postSolution
		{BEAF5753-7811-465B-8FED-CFB114DA66A5}.Debug|Any CPU.ActiveCfg = Debug|Win32
		{BEAF5753-7811-465B-8FED-CFB114DA66A5}.Debug|ARM.ActiveCfg = Debug|ARM
		{BEAF5753-7811-465B-8FED-CFB114DA66A5}.Debug|ARM.Build.0 = Debug|ARM
		{BEAF5753-7811-465B-8FED-CFB114DA66A5}.Debug|ARM.Deploy.0 = Debug|ARM
		{BEAF5753-7811-465B-8FED-CFB114DA66A5}.Debug|ARM64.ActiveCfg = Debug|ARM64
		{BEAF5753-7811-465B-8FED-CFB114DA66A5}.Debug|ARM64.Build.0 = Debug|ARM64
		{BEAF5753-7811-465B-8FED-CFB114DA66A5}.Debug|ARM64.Deploy.0 = Debug|ARM64
		{BEAF5753-7811-465B-8FED-CFB114DA66A5}.Debug|x64.ActiveCfg = Debug|x64
		{BEAF5753-7811-465B-8FED-CFB114DA66A5}.Debug|x64.Build.0 = Debug|x64
		{BEAF5753-7811-465B-8FED-CFB114DA66A5}.Debug|x64.Deploy.0 = Debug|x64
		{BEAF5753-7811-465B-8FED-CFB114DA66A5}.Debug|x86.ActiveCfg = Debug|Win32
		{BEAF5753-7811-465B-8FED-CFB114DA66A5}.Debug|x86.Build.0 = Debug|Win32
		{BEAF5753-7811-465B-8FED-CFB114DA66A5}.Debug|x86.Deploy.0 = Debug|Win32
		{BEAF5753-7811-465B-8FED-CFB114DA66A5}.Release|Any CPU.ActiveCfg = Release|Win32
		{BEAF5753-7811-465B-8FED-CFB114DA66A5}.Release|ARM.ActiveCfg = Release|ARM
		{BEAF5753-7811-465B-8FED-CFB114DA66A5}.Release|ARM.Build.0 = Release|ARM
		{BEAF5753-7811-465B-8FED-CFB114DA66A5}.Release|ARM.Deploy.0 = Release|ARM
		{BEAF5753-7811-465B-8FED-CFB114DA66A5}.Release|ARM64.ActiveCfg = Release|ARM64
		{BEAF5753-7811-465B-8FED-CFB114DA66A5}.Release|ARM64.Build.0 = Release|ARM64
		{BEAF5753-7811-465B-8FED-CFB114DA66A5}.Release|ARM64.Deploy.0 = Release|ARM64
		{BEAF5753-7811-465B-8FED-CFB114DA66A5}.Release|x64.ActiveCfg = Release|x64
		{BEAF5753-7811-465B-8FED-CFB114DA66A5}.Release|x64.Build.0 = Release|x64
		{BEAF5753-7811-465B-8FED-CFB114DA66A5}.Release|x64.Deploy.0 = Release|x64
		{BEAF5753-7811-465B-8FED-CFB114DA66A5}.Release|x86.ActiveCfg = Release|Win32
		{BEAF5753-7811-465B-8FED-CFB114DA66A5}.Release|x86.Build.0 = Release|Win32
		{BEAF5753-7811-465B-8FED-CFB114DA66A5}.Release|x86.Deploy.0 = Release|Win32
		{C78EE89A-B5D0-4EE9-85ED-40CA5BCC5918}.Debug|Any CPU.ActiveCfg = Debug|Any CPU
		{C78EE89A-B5D0-4EE9-85ED-40CA5BCC5918}.Debug|Any CPU.Build.0 = Debug|Any CPU
		{C78EE89A-B5D0-4EE9-85ED-40CA5BCC5918}.Debug|ARM.ActiveCfg = Debug|Any CPU
		{C78EE89A-B5D0-4EE9-85ED-40CA5BCC5918}.Debug|ARM.Build.0 = Debug|Any CPU
		{C78EE89A-B5D0-4EE9-85ED-40CA5BCC5918}.Debug|ARM64.ActiveCfg = Debug|Any CPU
		{C78EE89A-B5D0-4EE9-85ED-40CA5BCC5918}.Debug|ARM64.Build.0 = Debug|Any CPU
		{C78EE89A-B5D0-4EE9-85ED-40CA5BCC5918}.Debug|x64.ActiveCfg = Debug|Any CPU
		{C78EE89A-B5D0-4EE9-85ED-40CA5BCC5918}.Debug|x64.Build.0 = Debug|Any CPU
		{C78EE89A-B5D0-4EE9-85ED-40CA5BCC5918}.Debug|x86.ActiveCfg = Debug|Any CPU
		{C78EE89A-B5D0-4EE9-85ED-40CA5BCC5918}.Debug|x86.Build.0 = Debug|Any CPU
		{C78EE89A-B5D0-4EE9-85ED-40CA5BCC5918}.Release|Any CPU.ActiveCfg = Release|Any CPU
		{C78EE89A-B5D0-4EE9-85ED-40CA5BCC5918}.Release|Any CPU.Build.0 = Release|Any CPU
		{C78EE89A-B5D0-4EE9-85ED-40CA5BCC5918}.Release|ARM.ActiveCfg = Release|Any CPU
		{C78EE89A-B5D0-4EE9-85ED-40CA5BCC5918}.Release|ARM.Build.0 = Release|Any CPU
		{C78EE89A-B5D0-4EE9-85ED-40CA5BCC5918}.Release|ARM64.ActiveCfg = Release|Any CPU
		{C78EE89A-B5D0-4EE9-85ED-40CA5BCC5918}.Release|ARM64.Build.0 = Release|Any CPU
		{C78EE89A-B5D0-4EE9-85ED-40CA5BCC5918}.Release|x64.ActiveCfg = Release|Any CPU
		{C78EE89A-B5D0-4EE9-85ED-40CA5BCC5918}.Release|x64.Build.0 = Release|Any CPU
		{C78EE89A-B5D0-4EE9-85ED-40CA5BCC5918}.Release|x86.ActiveCfg = Release|Any CPU
		{C78EE89A-B5D0-4EE9-85ED-40CA5BCC5918}.Release|x86.Build.0 = Release|Any CPU
		{82369302-4217-41DF-B68B-2AF824C24C09}.Debug|Any CPU.ActiveCfg = Debug|Any CPU
		{82369302-4217-41DF-B68B-2AF824C24C09}.Debug|Any CPU.Build.0 = Debug|Any CPU
		{82369302-4217-41DF-B68B-2AF824C24C09}.Debug|ARM.ActiveCfg = Debug|Any CPU
		{82369302-4217-41DF-B68B-2AF824C24C09}.Debug|ARM.Build.0 = Debug|Any CPU
		{82369302-4217-41DF-B68B-2AF824C24C09}.Debug|ARM64.ActiveCfg = Debug|Any CPU
		{82369302-4217-41DF-B68B-2AF824C24C09}.Debug|ARM64.Build.0 = Debug|Any CPU
		{82369302-4217-41DF-B68B-2AF824C24C09}.Debug|x64.ActiveCfg = Debug|Any CPU
		{82369302-4217-41DF-B68B-2AF824C24C09}.Debug|x64.Build.0 = Debug|Any CPU
		{82369302-4217-41DF-B68B-2AF824C24C09}.Debug|x86.ActiveCfg = Debug|Any CPU
		{82369302-4217-41DF-B68B-2AF824C24C09}.Debug|x86.Build.0 = Debug|Any CPU
		{82369302-4217-41DF-B68B-2AF824C24C09}.Release|Any CPU.ActiveCfg = Release|Any CPU
		{82369302-4217-41DF-B68B-2AF824C24C09}.Release|Any CPU.Build.0 = Release|Any CPU
		{82369302-4217-41DF-B68B-2AF824C24C09}.Release|ARM.ActiveCfg = Release|Any CPU
		{82369302-4217-41DF-B68B-2AF824C24C09}.Release|ARM.Build.0 = Release|Any CPU
		{82369302-4217-41DF-B68B-2AF824C24C09}.Release|ARM64.ActiveCfg = Release|Any CPU
		{82369302-4217-41DF-B68B-2AF824C24C09}.Release|ARM64.Build.0 = Release|Any CPU
		{82369302-4217-41DF-B68B-2AF824C24C09}.Release|x64.ActiveCfg = Release|Any CPU
		{82369302-4217-41DF-B68B-2AF824C24C09}.Release|x64.Build.0 = Release|Any CPU
		{82369302-4217-41DF-B68B-2AF824C24C09}.Release|x86.ActiveCfg = Release|Any CPU
		{82369302-4217-41DF-B68B-2AF824C24C09}.Release|x86.Build.0 = Release|Any CPU
	EndGlobalSection
	GlobalSection(SolutionProperties) = preSolution
		HideSolutionNode = FALSE
	EndGlobalSection
	GlobalSection(NestedProjects) = preSolution
		{BEAF5753-7811-465B-8FED-CFB114DA66A5} = {774E55AE-92A2-4514-A174-A875219FFD1B}
		{C78EE89A-B5D0-4EE9-85ED-40CA5BCC5918} = {4F49264E-74F9-4617-BF99-6AE389242800}
		{82369302-4217-41DF-B68B-2AF824C24C09} = {CE492389-7FB3-4DC4-9AFF-B7A04F70F891}
	EndGlobalSection
	GlobalSection(ExtensibilityGlobals) = postSolution
		SolutionGuid = {5A4A580B-8A5D-4E6A-A75D-ADFDD46F6F37}
	EndGlobalSection
EndGlobal
