
Microsoft Visual Studio Solution File, Format Version 12.00
# Visual Studio Version 17
VisualStudioVersion = 17.7.34009.444
MinimumVisualStudioVersion = 10.0.40219.1
Project("{8BC9CEB8-8B4A-11D0-8D11-00A0C91BC942}") = "dshidmini", "sys\dshidmini.vcxproj", "{BEAF5753-7811-465B-8FED-CFB114DA66A5}"
EndProject
Project("{2150E333-8FDC-42A3-9474-1A3956D46DE8}") = "Driver", "Driver", "{774E55AE-92A2-4514-A174-A875219FFD1B}"
EndProject
Project("{2150E333-8FDC-42A3-9474-1A3956D46DE8}") = "App", "App", "{CE492389-7FB3-4DC4-9AFF-B7A04F70F891}"
EndProject
Project("{9A19103F-16F7-4668-BE54-9A1E7A4F7556}") = "_build", "build\_build.csproj", "{30CAEA37-74D5-4219-AF2D-827F12FF6ECF}"
EndProject
Project("{9A19103F-16F7-4668-BE54-9A1E7A4F7556}") = "DSHMC", "DSHMC\DSHMC.csproj", "{8C041739-B65C-4BE3-B068-B13ED698C72E}"
EndProject
Project("{2150E333-8FDC-42A3-9474-1A3956D46DE8}") = "Lib", "Lib", "{D5FFDFFE-55A3-4AF3-92A6-13F28598A5EE}"
EndProject
Project("{8BC9CEB8-8B4A-11D0-8D11-00A0C91BC942}") = "XInputBridge", "XInputBridge\XInputBridge.vcxproj", "{DC58FE95-938F-4BFB-B434-C043C62E9EF5}"
EndProject
Project("{9A19103F-16F7-4668-BE54-9A1E7A4F7556}") = "ControlApp", "ControlApp\ControlApp.csproj", "{A2FD5C50-C95F-4263-BEB4-ED8B6279B3E8}"
EndProject
Global
	GlobalSection(SolutionConfigurationPlatforms) = preSolution
		Debug|Any CPU = Debug|Any CPU
		Debug|ARM = Debug|ARM
		Debug|ARM64 = Debug|ARM64
		Debug|x64 = Debug|x64
		Debug|x86 = Debug|x86
		Release|Any CPU = Release|Any CPU
		Release|ARM = Release|ARM
		Release|ARM64 = Release|ARM64
		Release|x64 = Release|x64
		Release|x86 = Release|x86
	EndGlobalSection
	GlobalSection(ProjectConfigurationPlatforms) = postSolution
		{BEAF5753-7811-465B-8FED-CFB114DA66A5}.Debug|Any CPU.ActiveCfg = Debug|Win32
		{BEAF5753-7811-465B-8FED-CFB114DA66A5}.Debug|ARM.ActiveCfg = Debug|ARM
		{BEAF5753-7811-465B-8FED-CFB114DA66A5}.Debug|ARM.Build.0 = Debug|ARM
		{BEAF5753-7811-465B-8FED-CFB114DA66A5}.Debug|ARM.Deploy.0 = Debug|ARM
		{BEAF5753-7811-465B-8FED-CFB114DA66A5}.Debug|ARM64.ActiveCfg = Debug|ARM64
		{BEAF5753-7811-465B-8FED-CFB114DA66A5}.Debug|ARM64.Build.0 = Debug|ARM64
		{BEAF5753-7811-465B-8FED-CFB114DA66A5}.Debug|ARM64.Deploy.0 = Debug|ARM64
		{BEAF5753-7811-465B-8FED-CFB114DA66A5}.Debug|x64.ActiveCfg = Debug|x64
		{BEAF5753-7811-465B-8FED-CFB114DA66A5}.Debug|x64.Build.0 = Debug|x64
		{BEAF5753-7811-465B-8FED-CFB114DA66A5}.Debug|x64.Deploy.0 = Debug|x64
		{BEAF5753-7811-465B-8FED-CFB114DA66A5}.Debug|x86.ActiveCfg = Debug|Win32
		{BEAF5753-7811-465B-8FED-CFB114DA66A5}.Debug|x86.Build.0 = Debug|Win32
		{BEAF5753-7811-465B-8FED-CFB114DA66A5}.Debug|x86.Deploy.0 = Debug|Win32
		{BEAF5753-7811-465B-8FED-CFB114DA66A5}.Release|Any CPU.ActiveCfg = Release|Win32
		{BEAF5753-7811-465B-8FED-CFB114DA66A5}.Release|ARM.ActiveCfg = Release|ARM
		{BEAF5753-7811-465B-8FED-CFB114DA66A5}.Release|ARM.Build.0 = Release|ARM
		{BEAF5753-7811-465B-8FED-CFB114DA66A5}.Release|ARM.Deploy.0 = Release|ARM
		{BEAF5753-7811-465B-8FED-CFB114DA66A5}.Release|ARM64.ActiveCfg = Release|ARM64
		{BEAF5753-7811-465B-8FED-CFB114DA66A5}.Release|ARM64.Build.0 = Release|ARM64
		{BEAF5753-7811-465B-8FED-CFB114DA66A5}.Release|ARM64.Deploy.0 = Release|ARM64
		{BEAF5753-7811-465B-8FED-CFB114DA66A5}.Release|x64.ActiveCfg = Release|x64
		{BEAF5753-7811-465B-8FED-CFB114DA66A5}.Release|x64.Build.0 = Release|x64
		{BEAF5753-7811-465B-8FED-CFB114DA66A5}.Release|x64.Deploy.0 = Release|x64
		{BEAF5753-7811-465B-8FED-CFB114DA66A5}.Release|x86.ActiveCfg = Release|Win32
		{BEAF5753-7811-465B-8FED-CFB114DA66A5}.Release|x86.Build.0 = Release|Win32
		{BEAF5753-7811-465B-8FED-CFB114DA66A5}.Release|x86.Deploy.0 = Release|Win32
		{30CAEA37-74D5-4219-AF2D-827F12FF6ECF}.Debug|Any CPU.ActiveCfg = Debug|Any CPU
		{30CAEA37-74D5-4219-AF2D-827F12FF6ECF}.Debug|ARM.ActiveCfg = Debug|Any CPU
		{30CAEA37-74D5-4219-AF2D-827F12FF6ECF}.Debug|ARM64.ActiveCfg = Debug|Any CPU
		{30CAEA37-74D5-4219-AF2D-827F12FF6ECF}.Debug|x64.ActiveCfg = Debug|Any CPU
		{30CAEA37-74D5-4219-AF2D-827F12FF6ECF}.Debug|x86.ActiveCfg = Debug|Any CPU
		{30CAEA37-74D5-4219-AF2D-827F12FF6ECF}.Release|Any CPU.ActiveCfg = Release|Any CPU
		{30CAEA37-74D5-4219-AF2D-827F12FF6ECF}.Release|ARM.ActiveCfg = Release|Any CPU
		{30CAEA37-74D5-4219-AF2D-827F12FF6ECF}.Release|ARM64.ActiveCfg = Release|Any CPU
		{30CAEA37-74D5-4219-AF2D-827F12FF6ECF}.Release|x64.ActiveCfg = Release|Any CPU
		{30CAEA37-74D5-4219-AF2D-827F12FF6ECF}.Release|x86.ActiveCfg = Release|Any CPU
		{8C041739-B65C-4BE3-B068-B13ED698C72E}.Debug|Any CPU.ActiveCfg = Debug|Any CPU
		{8C041739-B65C-4BE3-B068-B13ED698C72E}.Debug|Any CPU.Build.0 = Debug|Any CPU
		{8C041739-B65C-4BE3-B068-B13ED698C72E}.Debug|ARM.ActiveCfg = Debug|Any CPU
		{8C041739-B65C-4BE3-B068-B13ED698C72E}.Debug|ARM.Build.0 = Debug|Any CPU
		{8C041739-B65C-4BE3-B068-B13ED698C72E}.Debug|ARM64.ActiveCfg = Debug|Any CPU
		{8C041739-B65C-4BE3-B068-B13ED698C72E}.Debug|ARM64.Build.0 = Debug|Any CPU
		{8C041739-B65C-4BE3-B068-B13ED698C72E}.Debug|x64.ActiveCfg = Debug|Any CPU
		{8C041739-B65C-4BE3-B068-B13ED698C72E}.Debug|x64.Build.0 = Debug|Any CPU
		{8C041739-B65C-4BE3-B068-B13ED698C72E}.Debug|x86.ActiveCfg = Debug|Any CPU
		{8C041739-B65C-4BE3-B068-B13ED698C72E}.Debug|x86.Build.0 = Debug|Any CPU
		{8C041739-B65C-4BE3-B068-B13ED698C72E}.Release|Any CPU.ActiveCfg = Release|Any CPU
		{8C041739-B65C-4BE3-B068-B13ED698C72E}.Release|Any CPU.Build.0 = Release|Any CPU
		{8C041739-B65C-4BE3-B068-B13ED698C72E}.Release|ARM.ActiveCfg = Release|Any CPU
		{8C041739-B65C-4BE3-B068-B13ED698C72E}.Release|ARM.Build.0 = Release|Any CPU
		{8C041739-B65C-4BE3-B068-B13ED698C72E}.Release|ARM64.ActiveCfg = Release|Any CPU
		{8C041739-B65C-4BE3-B068-B13ED698C72E}.Release|ARM64.Build.0 = Release|Any CPU
		{8C041739-B65C-4BE3-B068-B13ED698C72E}.Release|x64.ActiveCfg = Release|Any CPU
		{8C041739-B65C-4BE3-B068-B13ED698C72E}.Release|x64.Build.0 = Release|Any CPU
		{8C041739-B65C-4BE3-B068-B13ED698C72E}.Release|x86.ActiveCfg = Release|Any CPU
		{8C041739-B65C-4BE3-B068-B13ED698C72E}.Release|x86.Build.0 = Release|Any CPU
		{DC58FE95-938F-4BFB-B434-C043C62E9EF5}.Debug|Any CPU.ActiveCfg = Debug|Win32
		{DC58FE95-938F-4BFB-B434-C043C62E9EF5}.Debug|ARM.ActiveCfg = Debug|Win32
		{DC58FE95-938F-4BFB-B434-C043C62E9EF5}.Debug|ARM64.ActiveCfg = Debug|Win32
		{DC58FE95-938F-4BFB-B434-C043C62E9EF5}.Debug|x64.ActiveCfg = Debug|x64
		{DC58FE95-938F-4BFB-B434-C043C62E9EF5}.Debug|x64.Build.0 = Debug|x64
		{DC58FE95-938F-4BFB-B434-C043C62E9EF5}.Debug|x86.ActiveCfg = Debug|Win32
		{DC58FE95-938F-4BFB-B434-C043C62E9EF5}.Debug|x86.Build.0 = Debug|Win32
		{DC58FE95-938F-4BFB-B434-C043C62E9EF5}.Release|Any CPU.ActiveCfg = Release|Win32
		{DC58FE95-938F-4BFB-B434-C043C62E9EF5}.Release|ARM.ActiveCfg = Release|Win32
		{DC58FE95-938F-4BFB-B434-C043C62E9EF5}.Release|ARM64.ActiveCfg = Release|x64
		{DC58FE95-938F-4BFB-B434-C043C62E9EF5}.Release|ARM64.Build.0 = Release|x64
		{DC58FE95-938F-4BFB-B434-C043C62E9EF5}.Release|x64.ActiveCfg = Release|x64
		{DC58FE95-938F-4BFB-B434-C043C62E9EF5}.Release|x64.Build.0 = Release|x64
		{DC58FE95-938F-4BFB-B434-C043C62E9EF5}.Release|x86.ActiveCfg = Release|Win32
		{DC58FE95-938F-4BFB-B434-C043C62E9EF5}.Release|x86.Build.0 = Release|Win32
		{A2FD5C50-C95F-4263-BEB4-ED8B6279B3E8}.Debug|Any CPU.ActiveCfg = Debug|Any CPU
		{A2FD5C50-C95F-4263-BEB4-ED8B6279B3E8}.Debug|Any CPU.Build.0 = Debug|Any CPU
		{A2FD5C50-C95F-4263-BEB4-ED8B6279B3E8}.Debug|ARM.ActiveCfg = Debug|Any CPU
		{A2FD5C50-C95F-4263-BEB4-ED8B6279B3E8}.Debug|ARM.Build.0 = Debug|Any CPU
		{A2FD5C50-C95F-4263-BEB4-ED8B6279B3E8}.Debug|ARM64.ActiveCfg = Debug|Any CPU
		{A2FD5C50-C95F-4263-BEB4-ED8B6279B3E8}.Debug|ARM64.Build.0 = Debug|Any CPU
		{A2FD5C50-C95F-4263-BEB4-ED8B6279B3E8}.Debug|x64.ActiveCfg = Debug|x64
		{A2FD5C50-C95F-4263-BEB4-ED8B6279B3E8}.Debug|x64.Build.0 = Debug|x64
		{A2FD5C50-C95F-4263-BEB4-ED8B6279B3E8}.Debug|x86.ActiveCfg = Debug|Any CPU
		{A2FD5C50-C95F-4263-BEB4-ED8B6279B3E8}.Debug|x86.Build.0 = Debug|Any CPU
		{A2FD5C50-C95F-4263-BEB4-ED8B6279B3E8}.Release|Any CPU.ActiveCfg = Release|Any CPU
		{A2FD5C50-C95F-4263-BEB4-ED8B6279B3E8}.Release|Any CPU.Build.0 = Release|Any CPU
		{A2FD5C50-C95F-4263-BEB4-ED8B6279B3E8}.Release|ARM.ActiveCfg = Release|Any CPU
		{A2FD5C50-C95F-4263-BEB4-ED8B6279B3E8}.Release|ARM.Build.0 = Release|Any CPU
		{A2FD5C50-C95F-4263-BEB4-ED8B6279B3E8}.Release|ARM64.ActiveCfg = Release|Any CPU
		{A2FD5C50-C95F-4263-BEB4-ED8B6279B3E8}.Release|ARM64.Build.0 = Release|Any CPU
		{A2FD5C50-C95F-4263-BEB4-ED8B6279B3E8}.Release|x64.ActiveCfg = Release|x64
		{A2FD5C50-C95F-4263-BEB4-ED8B6279B3E8}.Release|x64.Build.0 = Release|x64
		{A2FD5C50-C95F-4263-BEB4-ED8B6279B3E8}.Release|x86.ActiveCfg = Release|Any CPU
		{A2FD5C50-C95F-4263-BEB4-ED8B6279B3E8}.Release|x86.Build.0 = Release|Any CPU
	EndGlobalSection
	GlobalSection(SolutionProperties) = preSolution
		HideSolutionNode = FALSE
	EndGlobalSection
	GlobalSection(NestedProjects) = preSolution
		{BEAF5753-7811-465B-8FED-CFB114DA66A5} = {774E55AE-92A2-4514-A174-A875219FFD1B}
		{8C041739-B65C-4BE3-B068-B13ED698C72E} = {CE492389-7FB3-4DC4-9AFF-B7A04F70F891}
		{DC58FE95-938F-4BFB-B434-C043C62E9EF5} = {D5FFDFFE-55A3-4AF3-92A6-13F28598A5EE}
		{A2FD5C50-C95F-4263-BEB4-ED8B6279B3E8} = {CE492389-7FB3-4DC4-9AFF-B7A04F70F891}
	EndGlobalSection
	GlobalSection(ExtensibilityGlobals) = postSolution
		SolutionGuid = {5A4A580B-8A5D-4E6A-A75D-ADFDD46F6F37}
	EndGlobalSection
EndGlobal
