<?xml version="1.0" encoding="utf-8"?>
<Project ToolsVersion="4.0" xmlns="http://schemas.microsoft.com/developer/msbuild/2003">
  <ItemGroup>
    <Filter Include="Source Files">
      <UniqueIdentifier>{4FC737F1-C7A5-4376-A066-2A32D752A2FF}</UniqueIdentifier>
      <Extensions>cpp;c;cc;cxx;def;odl;idl;hpj;bat;asm;asmx</Extensions>
    </Filter>
    <Filter Include="Header Files">
      <UniqueIdentifier>{93995380-89BD-4b04-88EB-625FBE52EBFB}</UniqueIdentifier>
      <Extensions>h;hpp;hxx;hm;inl;inc;xsd</Extensions>
    </Filter>
    <Filter Include="Resource Files">
      <UniqueIdentifier>{67DA6AB6-F800-4c08-8B7A-83BB121AAD01}</UniqueIdentifier>
      <Extensions>rc;ico;cur;bmp;dlg;rc2;rct;bin;rgs;gif;jpg;jpeg;jpe;resx;tiff;tif;png;wav;mfcribbon-ms</Extensions>
    </Filter>
    <Filter Include="Driver Files">
      <UniqueIdentifier>{8E41214B-6785-4CFE-B992-037D68949A14}</UniqueIdentifier>
      <Extensions>inf;inv;inx;mof;mc;</Extensions>
    </Filter>
    <Filter Include="Header Files\PID">
      <UniqueIdentifier>{758e0301-057e-4139-adda-e5a61e5e8392}</UniqueIdentifier>
    </Filter>
    <Filter Include="Header Files\Public">
      <UniqueIdentifier>{f5f9d131-393e-438f-92b4-612584ade4a8}</UniqueIdentifier>
    </Filter>
    <Filter Include="Header Files\HID">
      <UniqueIdentifier>{bb6a9012-2b03-4289-9c5d-34c81490bfa7}</UniqueIdentifier>
    </Filter>
    <Filter Include="Header Files\JSON">
      <UniqueIdentifier>{6e3fa634-feec-43a8-80b8-95111515cd2a}</UniqueIdentifier>
    </Filter>
    <Filter Include="Source Files\JSON">
      <UniqueIdentifier>{11ab6d80-327b-4b46-9d42-067e3b238a48}</UniqueIdentifier>
    </Filter>
  </ItemGroup>
  <ItemGroup>
    <Inf Include="dshidmini.inf">
      <Filter>Driver Files</Filter>
    </Inf>
  </ItemGroup>
  <ItemGroup>
    <ClInclude Include="Device.h">
      <Filter>Header Files</Filter>
    </ClInclude>
    <ClInclude Include="Driver.h">
      <Filter>Header Files</Filter>
    </ClInclude>
    <ClInclude Include="Trace.h">
      <Filter>Header Files</Filter>
    </ClInclude>
    <ClInclude Include="DsHid.h">
      <Filter>Header Files</Filter>
    </ClInclude>
    <ClInclude Include="DsHidMiniDrv.h">
      <Filter>Header Files</Filter>
    </ClInclude>
    <ClInclude Include="Power.h">
      <Filter>Header Files</Filter>
    </ClInclude>
    <ClInclude Include="DsUsb.h">
      <Filter>Header Files</Filter>
    </ClInclude>
    <ClInclude Include="Ds3.h">
      <Filter>Header Files</Filter>
    </ClInclude>
    <ClInclude Include="DsBth.h">
      <Filter>Header Files</Filter>
    </ClInclude>
    <ClInclude Include="DsCommon.h">
      <Filter>Header Files</Filter>
    </ClInclude>
    <ClInclude Include="resource.h">
      <Filter>Header Files</Filter>
    </ClInclude>
    <ClInclude Include="PID\01_PIDStateReport.h">
      <Filter>Header Files\PID</Filter>
    </ClInclude>
    <ClInclude Include="PID\02_SetEffectReport.h">
      <Filter>Header Files\PID</Filter>
    </ClInclude>
    <ClInclude Include="PID\03_SetEnvelopeReport.h">
      <Filter>Header Files\PID</Filter>
    </ClInclude>
    <ClInclude Include="PID\04_SetConditionReport.h">
      <Filter>Header Files\PID</Filter>
    </ClInclude>
    <ClInclude Include="PID\05_SetPeriodicReport.h">
      <Filter>Header Files\PID</Filter>
    </ClInclude>
    <ClInclude Include="PID\06_SetConstantForceReport.h">
      <Filter>Header Files\PID</Filter>
    </ClInclude>
    <ClInclude Include="PID\07_SetRampForceReport.h">
      <Filter>Header Files\PID</Filter>
    </ClInclude>
    <ClInclude Include="PID\08_CustomForceDataReport.h">
      <Filter>Header Files\PID</Filter>
    </ClInclude>
    <ClInclude Include="PID\09_DownloadForceSample.h">
      <Filter>Header Files\PID</Filter>
    </ClInclude>
    <ClInclude Include="PID\10_EffectOperationReport.h">
      <Filter>Header Files\PID</Filter>
    </ClInclude>
    <ClInclude Include="PID\11_PIDBlockFreeReport.h">
      <Filter>Header Files\PID</Filter>
    </ClInclude>
    <ClInclude Include="PID\12_PIDDeviceControl.h">
      <Filter>Header Files\PID</Filter>
    </ClInclude>
    <ClInclude Include="PID\13_DeviceGainReport.h">
      <Filter>Header Files\PID</Filter>
    </ClInclude>
    <ClInclude Include="PID\14_SetCustomForceReport.h">
      <Filter>Header Files\PID</Filter>
    </ClInclude>
    <ClInclude Include="PID\15_CreateNewEffectReport.h">
      <Filter>Header Files\PID</Filter>
    </ClInclude>
    <ClInclude Include="PID\16_PIDBlockLoadReport.h">
      <Filter>Header Files\PID</Filter>
    </ClInclude>
    <ClInclude Include="PID\17_PIDPoolReport.h">
      <Filter>Header Files\PID</Filter>
    </ClInclude>
    <ClInclude Include="PID\PIDTypes.h">
      <Filter>Header Files\PID</Filter>
    </ClInclude>
    <ClInclude Include="uthash.h">
      <Filter>Header Files</Filter>
    </ClInclude>
    <ClInclude Include="DsInternal.h">
      <Filter>Header Files</Filter>
    </ClInclude>
    <ClInclude Include="..\include\DsHidMini\Ds3Types.h">
      <Filter>Header Files\Public</Filter>
    </ClInclude>
    <ClInclude Include="..\include\DsHidMini\ScpTypes.h">
      <Filter>Header Files\Public</Filter>
    </ClInclude>
    <ClInclude Include="..\include\DsHidMini\dshmguid.h">
      <Filter>Header Files\Public</Filter>
    </ClInclude>
    <ClInclude Include="HID\02_GPJ_Col1_GamePad.h">
      <Filter>Header Files\HID</Filter>
    </ClInclude>
    <ClInclude Include="HID\02_GPJ_Col2_Joystick.h">
      <Filter>Header Files\HID</Filter>
    </ClInclude>
    <ClInclude Include="HID\01_SDF_Col1_GamePad.h">
      <Filter>Header Files\HID</Filter>
    </ClInclude>
    <ClInclude Include="HID\03_SXS_Col1_Joystick.h">
      <Filter>Header Files\HID</Filter>
    </ClInclude>
    <ClInclude Include="HID\04_DS4_Col1_VendorDefined.h">
      <Filter>Header Files\HID</Filter>
    </ClInclude>
    <ClInclude Include="HID\05_XIH_Col1_XInputHID.h">
      <Filter>Header Files\HID</Filter>
    </ClInclude>
    <ClInclude Include="JSON\cJSON_Utils.h">
      <Filter>Header Files\JSON</Filter>
    </ClInclude>
    <ClInclude Include="JSON\cJSON.h">
      <Filter>Header Files\JSON</Filter>
    </ClInclude>
    <ClInclude Include="Configuration.h">
      <Filter>Header Files</Filter>
    </ClInclude>
  </ItemGroup>
  <ItemGroup>
    <ClCompile Include="Device.c">
      <Filter>Source Files</Filter>
    </ClCompile>
    <ClCompile Include="Driver.c">
      <Filter>Source Files</Filter>
    </ClCompile>
    <ClCompile Include="DsHid.c">
      <Filter>Source Files</Filter>
    </ClCompile>
    <ClCompile Include="DsHidMiniDrv.c">
      <Filter>Source Files</Filter>
    </ClCompile>
    <ClCompile Include="Power.c">
      <Filter>Source Files</Filter>
    </ClCompile>
    <ClCompile Include="DsUsb.c">
      <Filter>Source Files</Filter>
    </ClCompile>
    <ClCompile Include="Ds3.c">
      <Filter>Source Files</Filter>
    </ClCompile>
    <ClCompile Include="DsBth.c">
      <Filter>Source Files</Filter>
    </ClCompile>
    <ClCompile Include="JSON\cJSON_Utils.c">
      <Filter>Source Files\JSON</Filter>
    </ClCompile>
    <ClCompile Include="JSON\cJSON.c">
      <Filter>Source Files\JSON</Filter>
    </ClCompile>
    <ClCompile Include="Configuration.c">
      <Filter>Source Files</Filter>
    </ClCompile>
  </ItemGroup>
  <ItemGroup>
    <ResourceCompile Include="dshidmini.rc">
      <Filter>Resource Files</Filter>
    </ResourceCompile>
    <ResourceCompile Include="$(IntDir)DsHidMiniETW.rc">
      <Filter>Resource Files</Filter>
    </ResourceCompile>
  </ItemGroup>
  <ItemGroup>
    <None Include="DsHidMini.json" />
  </ItemGroup>
  <ItemGroup>
    <MessageCompile Include="DsHidMini.man">
      <Filter>Resource Files</Filter>
    </MessageCompile>
  </ItemGroup>
</Project>